
Microsoft Visual Studio Solution File, Format Version 12.00
# Visual Studio 2013
VisualStudioVersion = 12.0.40629.0
MinimumVisualStudioVersion = 10.0.40219.1
Project("{FAE04EC0-301F-11D3-BF4B-00C04F79EFBC}") = "AdverCidades.Domain", "AdverCidades.Domain\AdverCidades.Domain.csproj", "{9075A101-6D9C-4FD8-BDC3-ACB71744CD1B}"
EndProject
Project("{FAE04EC0-301F-11D3-BF4B-00C04F79EFBC}") = "AdverCidades.Dados", "AdverCidades.Dados\AdverCidades.Dados.csproj", "{6FE79CC7-B2D1-4A4A-9AC7-10701C2A75FB}"
EndProject
Project("{FAE04EC0-301F-11D3-BF4B-00C04F79EFBC}") = "AdverCidades.Negocio", "AdverCidades.Repositorio\AdverCidades.Negocio.csproj", "{ADFCA643-F1DD-47F2-8293-713C67E63DC1}"
EndProject
Project("{FAE04EC0-301F-11D3-BF4B-00C04F79EFBC}") = "AdverCidades.Api", "AdverCidades.Api\AdverCidades.Api.csproj", "{C07DD950-9604-484F-9C6C-235474342054}"
EndProject
Global
	GlobalSection(SolutionConfigurationPlatforms) = preSolution
		Debug|Any CPU = Debug|Any CPU
		Release|Any CPU = Release|Any CPU
	EndGlobalSection
	GlobalSection(ProjectConfigurationPlatforms) = postSolution
		{9075A101-6D9C-4FD8-BDC3-ACB71744CD1B}.Debug|Any CPU.ActiveCfg = Debug|Any CPU
		{9075A101-6D9C-4FD8-BDC3-ACB71744CD1B}.Debug|Any CPU.Build.0 = Debug|Any CPU
		{9075A101-6D9C-4FD8-BDC3-ACB71744CD1B}.Release|Any CPU.ActiveCfg = Release|Any CPU
		{9075A101-6D9C-4FD8-BDC3-ACB71744CD1B}.Release|Any CPU.Build.0 = Release|Any CPU
		{6FE79CC7-B2D1-4A4A-9AC7-10701C2A75FB}.Debug|Any CPU.ActiveCfg = Debug|Any CPU
		{6FE79CC7-B2D1-4A4A-9AC7-10701C2A75FB}.Debug|Any CPU.Build.0 = Debug|Any CPU
		{6FE79CC7-B2D1-4A4A-9AC7-10701C2A75FB}.Release|Any CPU.ActiveCfg = Release|Any CPU
		{6FE79CC7-B2D1-4A4A-9AC7-10701C2A75FB}.Release|Any CPU.Build.0 = Release|Any CPU
		{ADFCA643-F1DD-47F2-8293-713C67E63DC1}.Debug|Any CPU.ActiveCfg = Debug|Any CPU
		{ADFCA643-F1DD-47F2-8293-713C67E63DC1}.Debug|Any CPU.Build.0 = Debug|Any CPU
		{ADFCA643-F1DD-47F2-8293-713C67E63DC1}.Release|Any CPU.ActiveCfg = Release|Any CPU
		{ADFCA643-F1DD-47F2-8293-713C67E63DC1}.Release|Any CPU.Build.0 = Release|Any CPU
		{C07DD950-9604-484F-9C6C-235474342054}.Debug|Any CPU.ActiveCfg = Debug|Any CPU
		{C07DD950-9604-484F-9C6C-235474342054}.Debug|Any CPU.Build.0 = Debug|Any CPU
		{C07DD950-9604-484F-9C6C-235474342054}.Release|Any CPU.ActiveCfg = Release|Any CPU
		{C07DD950-9604-484F-9C6C-235474342054}.Release|Any CPU.Build.0 = Release|Any CPU
	EndGlobalSection
	GlobalSection(SolutionProperties) = preSolution
		HideSolutionNode = FALSE
	EndGlobalSection
EndGlobal
